
Microsoft Visual Studio Solution File, Format Version 12.00
# Visual Studio Version 17
VisualStudioVersion = 17.13.35818.85 d17.13
MinimumVisualStudioVersion = 10.0.40219.1
Project("{FAE04EC0-301F-11D3-BF4B-00C04F79EFBC}") = "TPMODUL6_103022300131", "TPMODUL6_103022300131.csproj", "{11C3CD48-1B76-49A3-AD78-7B6FF8A2B3E5}"
EndProject
Global
	GlobalSection(SolutionConfigurationPlatforms) = preSolution
		Debug|Any CPU = Debug|Any CPU
		Release|Any CPU = Release|Any CPU
	EndGlobalSection
	GlobalSection(ProjectConfigurationPlatforms) = postSolution
		{11C3CD48-1B76-49A3-AD78-7B6FF8A2B3E5}.Debug|Any CPU.ActiveCfg = Debug|Any CPU
		{11C3CD48-1B76-49A3-AD78-7B6FF8A2B3E5}.Debug|Any CPU.Build.0 = Debug|Any CPU
		{11C3CD48-1B76-49A3-AD78-7B6FF8A2B3E5}.Release|Any CPU.ActiveCfg = Release|Any CPU
		{11C3CD48-1B76-49A3-AD78-7B6FF8A2B3E5}.Release|Any CPU.Build.0 = Release|Any CPU
	EndGlobalSection
	GlobalSection(SolutionProperties) = preSolution
		HideSolutionNode = FALSE
	EndGlobalSection
	GlobalSection(ExtensibilityGlobals) = postSolution
		SolutionGuid = {D1AEF139-B3B6-41E9-9D64-839615FC2891}
	EndGlobalSection
EndGlobal
